
Microsoft Visual Studio Solution File, Format Version 12.00
# Visual Studio Version 17
VisualStudioVersion = 17.3.32929.385
MinimumVisualStudioVersion = 10.0.40219.1
Project("{9A19103F-16F7-4668-BE54-9A1E7A4F7556}") = "SCbank.Pl", "SCbank.Pl\SCbank.Pl.csproj", "{EEF0EA49-27A8-463F-87B3-9501314BCAFA}"
EndProject
Project("{9A19103F-16F7-4668-BE54-9A1E7A4F7556}") = "SCbank.Core", "SCbank.Core\SCbank.Core.csproj", "{6AFAA38A-1F20-493A-9C67-D91CD3EAE5F5}"
EndProject
Project("{FAE04EC0-301F-11D3-BF4B-00C04F79EFBC}") = "SCbank.Repositary", "SCbank.Repositary\SCbank.Repositary.csproj", "{A193B442-4AC8-4FE2-8C94-01C6B0EF2F21}"
EndProject
Global
	GlobalSection(SolutionConfigurationPlatforms) = preSolution
		Debug|Any CPU = Debug|Any CPU
		Release|Any CPU = Release|Any CPU
	EndGlobalSection
	GlobalSection(ProjectConfigurationPlatforms) = postSolution
		{EEF0EA49-27A8-463F-87B3-9501314BCAFA}.Debug|Any CPU.ActiveCfg = Debug|Any CPU
		{EEF0EA49-27A8-463F-87B3-9501314BCAFA}.Debug|Any CPU.Build.0 = Debug|Any CPU
		{EEF0EA49-27A8-463F-87B3-9501314BCAFA}.Release|Any CPU.ActiveCfg = Release|Any CPU
		{EEF0EA49-27A8-463F-87B3-9501314BCAFA}.Release|Any CPU.Build.0 = Release|Any CPU
		{6AFAA38A-1F20-493A-9C67-D91CD3EAE5F5}.Debug|Any CPU.ActiveCfg = Debug|Any CPU
		{6AFAA38A-1F20-493A-9C67-D91CD3EAE5F5}.Debug|Any CPU.Build.0 = Debug|Any CPU
		{6AFAA38A-1F20-493A-9C67-D91CD3EAE5F5}.Release|Any CPU.ActiveCfg = Release|Any CPU
		{6AFAA38A-1F20-493A-9C67-D91CD3EAE5F5}.Release|Any CPU.Build.0 = Release|Any CPU
		{A193B442-4AC8-4FE2-8C94-01C6B0EF2F21}.Debug|Any CPU.ActiveCfg = Debug|Any CPU
		{A193B442-4AC8-4FE2-8C94-01C6B0EF2F21}.Debug|Any CPU.Build.0 = Debug|Any CPU
		{A193B442-4AC8-4FE2-8C94-01C6B0EF2F21}.Release|Any CPU.ActiveCfg = Release|Any CPU
		{A193B442-4AC8-4FE2-8C94-01C6B0EF2F21}.Release|Any CPU.Build.0 = Release|Any CPU
	EndGlobalSection
	GlobalSection(SolutionProperties) = preSolution
		HideSolutionNode = FALSE
	EndGlobalSection
	GlobalSection(ExtensibilityGlobals) = postSolution
		SolutionGuid = {2511DF3A-26D0-408C-BD4D-9EB6D73287B7}
	EndGlobalSection
EndGlobal
